<?xml version="1.0" encoding="utf-8"?>
<Project ToolsVersion="4.0" xmlns="http://schemas.microsoft.com/developer/msbuild/2003">
  <ItemGroup>
    <Filter Include="Source Files">
      <UniqueIdentifier>{4FC737F1-C7A5-4376-A066-2A32D752A2FF}</UniqueIdentifier>
      <Extensions>cpp;c;cc;cxx;def;odl;idl;hpj;bat;asm;asmx</Extensions>
    </Filter>
    <Filter Include="Header Files">
      <UniqueIdentifier>{93995380-89BD-4b04-88EB-625FBE52EBFB}</UniqueIdentifier>
      <Extensions>h;hpp;hxx;hm;inl;inc;xsd</Extensions>
    </Filter>
    <Filter Include="Resource Files">
      <UniqueIdentifier>{67DA6AB6-F800-4c08-8B7A-83BB121AAD01}</UniqueIdentifier>
      <Extensions>rc;ico;cur;bmp;dlg;rc2;rct;bin;rgs;gif;jpg;jpeg;jpe;resx;tiff;tif;png;wav;mfcribbon-ms</Extensions>
    </Filter>
    <Filter Include="Under Test">
      <UniqueIdentifier>{0a3a2a26-4e82-4bac-8e77-1dad31b99581}</UniqueIdentifier>
    </Filter>
    <Filter Include="Under Test\Generated">
      <UniqueIdentifier>{85cddc58-7074-467f-8a8e-53d483c734b4}</UniqueIdentifier>
    </Filter>
    <Filter Include="Under Test\Manual">
      <UniqueIdentifier>{01b7f26e-a974-4783-bab2-18d3b2fdf39a}</UniqueIdentifier>
    </Filter>
    <Filter Include="Under Test\Generated\Debug_Static">
      <UniqueIdentifier>{902b12ce-ca69-4be7-9dd2-9ef9c2617db1}</UniqueIdentifier>
    </Filter>
    <Filter Include="Under Test\Generated\Debug">
      <UniqueIdentifier>{4d16437a-9999-4a5c-9d1c-45de86ff6fb2}</UniqueIdentifier>
    </Filter>
    <Filter Include="Under Test\Generated\Release_Static">
      <UniqueIdentifier>{7e449025-1693-491e-a703-21cef1c2c476}</UniqueIdentifier>
    </Filter>
    <Filter Include="Under Test\Generated\Release">
      <UniqueIdentifier>{36b7ae83-3700-432f-8803-95f99a038b9e}</UniqueIdentifier>
    </Filter>
  </ItemGroup>
  <ItemGroup>
    <ClCompile Include="..\test\TestInstruction.cpp">
      <Filter>Source Files</Filter>
    </ClCompile>
    <ClCompile Include="..\src\opcodes\Aaa.cpp">
      <Filter>Under Test\Manual</Filter>
    </ClCompile>
    <ClCompile Include="..\src\opcodes\Aad.cpp">
      <Filter>Under Test\Manual</Filter>
    </ClCompile>
    <ClCompile Include="..\src\opcodes\Aam.cpp">
      <Filter>Under Test\Manual</Filter>
    </ClCompile>
    <ClCompile Include="..\src\opcodes\Aas.cpp">
      <Filter>Under Test\Manual</Filter>
    </ClCompile>
    <ClCompile Include="..\src\opcodes\Adc.cpp">
      <Filter>Under Test\Manual</Filter>
    </ClCompile>
    <ClCompile Include="..\src\opcodes\Add.cpp">
      <Filter>Under Test\Manual</Filter>
    </ClCompile>
    <ClCompile Include="..\src\AddressOperand.cpp">
      <Filter>Under Test\Manual</Filter>
    </ClCompile>
    <ClCompile Include="..\src\opcodes\And.cpp">
      <Filter>Under Test\Manual</Filter>
    </ClCompile>
    <ClCompile Include="..\src\Breakpoint.cpp">
      <Filter>Under Test\Manual</Filter>
    </ClCompile>
    <ClCompile Include="..\src\opcodes\Call.cpp">
      <Filter>Under Test\Manual</Filter>
    </ClCompile>
    <ClCompile Include="..\src\opcodes\Cbw.cpp">
      <Filter>Under Test\Manual</Filter>
    </ClCompile>
    <ClCompile Include="..\src\opcodes\CLSTX.cpp">
      <Filter>Under Test\Manual</Filter>
    </ClCompile>
    <ClCompile Include="..\src\opcodes\Cmp.cpp">
      <Filter>Under Test\Manual</Filter>
    </ClCompile>
    <ClCompile Include="..\src\opcodes\CmpsX.cpp">
      <Filter>Under Test\Manual</Filter>
    </ClCompile>
    <ClCompile Include="..\src\opcodes\Cwd.cpp">
      <Filter>Under Test\Manual</Filter>
    </ClCompile>
    <ClCompile Include="..\src\opcodes\Daa.cpp">
      <Filter>Under Test\Manual</Filter>
    </ClCompile>
    <ClCompile Include="..\src\opcodes\Das.cpp">
      <Filter>Under Test\Manual</Filter>
    </ClCompile>
    <ClCompile Include="..\src\opcodes\Div.cpp">
      <Filter>Under Test\Manual</Filter>
    </ClCompile>
    <ClCompile Include="..\src\opcodes\Hlt.cpp">
      <Filter>Under Test\Manual</Filter>
    </ClCompile>
    <ClCompile Include="..\src\opcodes\IDiv.cpp">
      <Filter>Under Test\Manual</Filter>
    </ClCompile>
    <ClCompile Include="..\src\opcodes\IMul.cpp">
      <Filter>Under Test\Manual</Filter>
    </ClCompile>
    <ClCompile Include="..\src\opcodes\In.cpp">
      <Filter>Under Test\Manual</Filter>
    </ClCompile>
    <ClCompile Include="..\src\opcodes\IncDec.cpp">
      <Filter>Under Test\Manual</Filter>
    </ClCompile>
    <ClCompile Include="..\src\Instruction.cpp">
      <Filter>Under Test\Manual</Filter>
    </ClCompile>
    <ClCompile Include="..\src\InstTable.cpp">
      <Filter>Under Test\Manual</Filter>
    </ClCompile>
    <ClCompile Include="..\src\opcodes\Int.cpp">
      <Filter>Under Test\Manual</Filter>
    </ClCompile>
    <ClCompile Include="..\src\opcodes\Iret.cpp">
      <Filter>Under Test\Manual</Filter>
    </ClCompile>
    <ClCompile Include="..\src\opcodes\Jcc.cpp">
      <Filter>Under Test\Manual</Filter>
    </ClCompile>
    <ClCompile Include="..\src\opcodes\Jmp.cpp">
      <Filter>Under Test\Manual</Filter>
    </ClCompile>
    <ClCompile Include="..\src\peripherals\Keyboard.cpp">
      <Filter>Under Test\Manual</Filter>
    </ClCompile>
    <ClCompile Include="..\src\opcodes\Lahf.cpp">
      <Filter>Under Test\Manual</Filter>
    </ClCompile>
    <ClCompile Include="..\src\opcodes\Lea.cpp">
      <Filter>Under Test\Manual</Filter>
    </ClCompile>
    <ClCompile Include="..\src\opcodes\Lods.cpp">
      <Filter>Under Test\Manual</Filter>
    </ClCompile>
    <ClCompile Include="..\src\opcodes\Loop.cpp">
      <Filter>Under Test\Manual</Filter>
    </ClCompile>
    <ClCompile Include="..\src\opcodes\Lxs.cpp">
      <Filter>Under Test\Manual</Filter>
    </ClCompile>
    <ClCompile Include="..\src\Memory.cpp">
      <Filter>Under Test\Manual</Filter>
    </ClCompile>
    <ClCompile Include="..\src\MemWnd.cpp">
      <Filter>Under Test\Manual</Filter>
    </ClCompile>
    <ClCompile Include="..\src\ModrmOperand.cpp">
      <Filter>Under Test\Manual</Filter>
    </ClCompile>
    <ClCompile Include="..\src\opcodes\Mov.cpp">
      <Filter>Under Test\Manual</Filter>
    </ClCompile>
    <ClCompile Include="..\src\opcodes\Movs.cpp">
      <Filter>Under Test\Manual</Filter>
    </ClCompile>
    <ClCompile Include="..\src\opcodes\Mul.cpp">
      <Filter>Under Test\Manual</Filter>
    </ClCompile>
    <ClCompile Include="..\src\opcodes\Neg.cpp">
      <Filter>Under Test\Manual</Filter>
    </ClCompile>
    <ClCompile Include="..\src\opcodes\Nop.cpp">
      <Filter>Under Test\Manual</Filter>
    </ClCompile>
    <ClCompile Include="..\src\opcodes\Not.cpp">
      <Filter>Under Test\Manual</Filter>
    </ClCompile>
    <ClCompile Include="..\src\opcodes\Or.cpp">
      <Filter>Under Test\Manual</Filter>
    </ClCompile>
    <ClCompile Include="..\src\opcodes\Out.cpp">
      <Filter>Under Test\Manual</Filter>
    </ClCompile>
    <ClCompile Include="..\src\opcodes\Pop.cpp">
      <Filter>Under Test\Manual</Filter>
    </ClCompile>
    <ClCompile Include="..\src\Prefix.cpp">
      <Filter>Under Test\Manual</Filter>
    </ClCompile>
    <ClCompile Include="..\src\Processor.cpp">
      <Filter>Under Test\Manual</Filter>
    </ClCompile>
    <ClCompile Include="..\src\opcodes\Push.cpp">
      <Filter>Under Test\Manual</Filter>
    </ClCompile>
    <ClCompile Include="..\src\QKbdFilter.cpp">
      <Filter>Under Test\Manual</Filter>
    </ClCompile>
    <ClCompile Include="..\src\QMemModel.cpp">
      <Filter>Under Test\Manual</Filter>
    </ClCompile>
    <ClCompile Include="..\src\RegisterOperand.cpp">
      <Filter>Under Test\Manual</Filter>
    </ClCompile>
    <ClCompile Include="..\src\opcodes\Ret.cpp">
      <Filter>Under Test\Manual</Filter>
    </ClCompile>
    <ClCompile Include="..\src\opcodes\Rot.cpp">
      <Filter>Under Test\Manual</Filter>
    </ClCompile>
    <ClCompile Include="..\src\opcodes\Sahf.cpp">
      <Filter>Under Test\Manual</Filter>
    </ClCompile>
    <ClCompile Include="..\src\opcodes\Sbb.cpp">
      <Filter>Under Test\Manual</Filter>
    </ClCompile>
    <ClCompile Include="..\src\opcodes\Scas.cpp">
      <Filter>Under Test\Manual</Filter>
    </ClCompile>
    <ClCompile Include="..\src\peripherals\Screen.cpp">
      <Filter>Under Test\Manual</Filter>
    </ClCompile>
    <ClCompile Include="..\src\opcodes\StiCli.cpp">
      <Filter>Under Test\Manual</Filter>
    </ClCompile>
    <ClCompile Include="..\src\opcodes\Stos.cpp">
      <Filter>Under Test\Manual</Filter>
    </ClCompile>
    <ClCompile Include="..\src\opcodes\Sub.cpp">
      <Filter>Under Test\Manual</Filter>
    </ClCompile>
    <ClCompile Include="..\src\opcodes\Sxx.cpp">
      <Filter>Under Test\Manual</Filter>
    </ClCompile>
    <ClCompile Include="..\src\opcodes\Test.cpp">
      <Filter>Under Test\Manual</Filter>
    </ClCompile>
    <ClCompile Include="..\src\peripherals\Timer.cpp">
      <Filter>Under Test\Manual</Filter>
    </ClCompile>
    <ClCompile Include="..\src\VM.cpp">
      <Filter>Under Test\Manual</Filter>
    </ClCompile>
    <ClCompile Include="..\src\VMWorker.cpp">
      <Filter>Under Test\Manual</Filter>
    </ClCompile>
    <ClCompile Include="..\src\opcodes\Xchg.cpp">
      <Filter>Under Test\Manual</Filter>
    </ClCompile>
    <ClCompile Include="..\src\opcodes\Xlat.cpp">
      <Filter>Under Test\Manual</Filter>
    </ClCompile>
    <ClCompile Include="..\src\opcodes\Xor.cpp">
      <Filter>Under Test\Manual</Filter>
    </ClCompile>
    <ClCompile Include="..\src\Debug\moc_MemWnd.cpp">
      <Filter>Under Test\Generated\Debug</Filter>
    </ClCompile>
    <ClCompile Include="..\src\Debug\moc_QKbdFilter.cpp">
      <Filter>Under Test\Generated\Debug</Filter>
    </ClCompile>
    <ClCompile Include="..\src\Debug\moc_QMemModel.cpp">
      <Filter>Under Test\Generated\Debug</Filter>
    </ClCompile>
    <ClCompile Include="..\src\Debug\moc_VMWorker.cpp">
      <Filter>Under Test\Generated\Debug</Filter>
    </ClCompile>
    <ClCompile Include="..\src\Debug_Static\moc_MemWnd.cpp">
      <Filter>Under Test\Generated\Debug_Static</Filter>
    </ClCompile>
    <ClCompile Include="..\src\Debug_Static\moc_QKbdFilter.cpp">
      <Filter>Under Test\Generated\Debug_Static</Filter>
    </ClCompile>
    <ClCompile Include="..\src\Debug_Static\moc_QMemModel.cpp">
      <Filter>Under Test\Generated\Debug_Static</Filter>
    </ClCompile>
    <ClCompile Include="..\src\Debug_Static\moc_VMWorker.cpp">
      <Filter>Under Test\Generated\Debug_Static</Filter>
    </ClCompile>
    <ClCompile Include="..\src\Release\moc_MemWnd.cpp">
      <Filter>Under Test\Generated\Release</Filter>
    </ClCompile>
    <ClCompile Include="..\src\Release\moc_QKbdFilter.cpp">
      <Filter>Under Test\Generated\Release</Filter>
    </ClCompile>
    <ClCompile Include="..\src\Release\moc_QMemModel.cpp">
      <Filter>Under Test\Generated\Release</Filter>
    </ClCompile>
    <ClCompile Include="..\src\Release\moc_VMWorker.cpp">
      <Filter>Under Test\Generated\Release</Filter>
    </ClCompile>
    <ClCompile Include="..\src\Release_Static\moc_MemWnd.cpp">
      <Filter>Under Test\Generated\Release_Static</Filter>
    </ClCompile>
    <ClCompile Include="..\src\Release_Static\moc_QKbdFilter.cpp">
      <Filter>Under Test\Generated\Release_Static</Filter>
    </ClCompile>
    <ClCompile Include="..\src\Release_Static\moc_QMemModel.cpp">
      <Filter>Under Test\Generated\Release_Static</Filter>
    </ClCompile>
    <ClCompile Include="..\src\Release_Static\moc_VMWorker.cpp">
      <Filter>Under Test\Generated\Release_Static</Filter>
    </ClCompile>
  </ItemGroup>
  <ItemGroup>
    <ClInclude Include="..\src\opcodes\Xor.hpp">
      <Filter>Under Test\Manual</Filter>
    </ClInclude>
    <ClInclude Include="..\src\opcodes\Aaa.hpp">
      <Filter>Under Test\Manual</Filter>
    </ClInclude>
    <ClInclude Include="..\src\opcodes\Aad.hpp">
      <Filter>Under Test\Manual</Filter>
    </ClInclude>
    <ClInclude Include="..\src\opcodes\Aam.hpp">
      <Filter>Under Test\Manual</Filter>
    </ClInclude>
    <ClInclude Include="..\src\opcodes\Aas.hpp">
      <Filter>Under Test\Manual</Filter>
    </ClInclude>
    <ClInclude Include="..\src\opcodes\Adc.hpp">
      <Filter>Under Test\Manual</Filter>
    </ClInclude>
    <ClInclude Include="..\src\opcodes\Add.hpp">
      <Filter>Under Test\Manual</Filter>
    </ClInclude>
    <ClInclude Include="..\src\AddressOperand.hpp">
      <Filter>Under Test\Manual</Filter>
    </ClInclude>
    <ClInclude Include="..\src\opcodes\AllOpcodes.hpp">
      <Filter>Under Test\Manual</Filter>
    </ClInclude>
    <ClInclude Include="..\src\peripherals\AllPeripherals.hpp">
      <Filter>Under Test\Manual</Filter>
    </ClInclude>
    <ClInclude Include="..\src\opcodes\And.hpp">
      <Filter>Under Test\Manual</Filter>
    </ClInclude>
    <ClInclude Include="..\src\Breakpoint.hpp">
      <Filter>Under Test\Manual</Filter>
    </ClInclude>
    <ClInclude Include="..\src\opcodes\Call.hpp">
      <Filter>Under Test\Manual</Filter>
    </ClInclude>
    <ClInclude Include="..\src\opcodes\Cbw.hpp">
      <Filter>Under Test\Manual</Filter>
    </ClInclude>
    <ClInclude Include="..\src\opcodes\CLSTX.hpp">
      <Filter>Under Test\Manual</Filter>
    </ClInclude>
    <ClInclude Include="..\src\opcodes\Cmp.hpp">
      <Filter>Under Test\Manual</Filter>
    </ClInclude>
    <ClInclude Include="..\src\opcodes\CmpsX.hpp">
      <Filter>Under Test\Manual</Filter>
    </ClInclude>
    <ClInclude Include="..\src\opcodes\Cwd.hpp">
      <Filter>Under Test\Manual</Filter>
    </ClInclude>
    <ClInclude Include="..\src\opcodes\Daa.hpp">
      <Filter>Under Test\Manual</Filter>
    </ClInclude>
    <ClInclude Include="..\src\opcodes\Das.hpp">
      <Filter>Under Test\Manual</Filter>
    </ClInclude>
    <ClInclude Include="..\src\opcodes\Div.hpp">
      <Filter>Under Test\Manual</Filter>
    </ClInclude>
    <ClInclude Include="..\src\opcodes\Hlt.hpp">
      <Filter>Under Test\Manual</Filter>
    </ClInclude>
    <ClInclude Include="..\src\opcodes\IDiv.hpp">
      <Filter>Under Test\Manual</Filter>
    </ClInclude>
    <ClInclude Include="..\src\ImmediateOperand.hpp">
      <Filter>Under Test\Manual</Filter>
    </ClInclude>
    <ClInclude Include="..\src\opcodes\IMul.hpp">
      <Filter>Under Test\Manual</Filter>
    </ClInclude>
    <ClInclude Include="..\src\opcodes\In.hpp">
      <Filter>Under Test\Manual</Filter>
    </ClInclude>
    <ClInclude Include="..\src\opcodes\IncDec.hpp">
      <Filter>Under Test\Manual</Filter>
    </ClInclude>
    <ClInclude Include="..\src\Instruction.hpp">
      <Filter>Under Test\Manual</Filter>
    </ClInclude>
    <ClInclude Include="..\src\opcodes\Int.hpp">
      <Filter>Under Test\Manual</Filter>
    </ClInclude>
    <ClInclude Include="..\src\IPeripheral.hpp">
      <Filter>Under Test\Manual</Filter>
    </ClInclude>
    <ClInclude Include="..\src\opcodes\Iret.hpp">
      <Filter>Under Test\Manual</Filter>
    </ClInclude>
    <ClInclude Include="..\src\opcodes\Jcc.hpp">
      <Filter>Under Test\Manual</Filter>
    </ClInclude>
    <ClInclude Include="..\src\opcodes\Jmp.hpp">
      <Filter>Under Test\Manual</Filter>
    </ClInclude>
    <ClInclude Include="..\src\peripherals\Keyboard.hpp">
      <Filter>Under Test\Manual</Filter>
    </ClInclude>
    <ClInclude Include="..\src\opcodes\Lahf.hpp">
      <Filter>Under Test\Manual</Filter>
    </ClInclude>
    <ClInclude Include="..\src\opcodes\Lea.hpp">
      <Filter>Under Test\Manual</Filter>
    </ClInclude>
    <ClInclude Include="..\src\opcodes\Lods.hpp">
      <Filter>Under Test\Manual</Filter>
    </ClInclude>
    <ClInclude Include="..\src\opcodes\Loop.hpp">
      <Filter>Under Test\Manual</Filter>
    </ClInclude>
    <ClInclude Include="..\src\opcodes\Lxs.hpp">
      <Filter>Under Test\Manual</Filter>
    </ClInclude>
    <ClInclude Include="..\src\Memory.hpp">
      <Filter>Under Test\Manual</Filter>
    </ClInclude>
    <ClInclude Include="..\src\ModrmOperand.hpp">
      <Filter>Under Test\Manual</Filter>
    </ClInclude>
    <ClInclude Include="..\src\opcodes\Mov.hpp">
      <Filter>Under Test\Manual</Filter>
    </ClInclude>
    <ClInclude Include="..\src\opcodes\Movs.hpp">
      <Filter>Under Test\Manual</Filter>
    </ClInclude>
    <ClInclude Include="..\src\opcodes\Mul.hpp">
      <Filter>Under Test\Manual</Filter>
    </ClInclude>
    <ClInclude Include="..\src\opcodes\Neg.hpp">
      <Filter>Under Test\Manual</Filter>
    </ClInclude>
    <ClInclude Include="..\src\opcodes\Nop.hpp">
      <Filter>Under Test\Manual</Filter>
    </ClInclude>
    <ClInclude Include="..\src\opcodes\Not.hpp">
      <Filter>Under Test\Manual</Filter>
    </ClInclude>
    <ClInclude Include="..\src\Operand.hpp">
      <Filter>Under Test\Manual</Filter>
    </ClInclude>
    <ClInclude Include="..\src\opcodes\Or.hpp">
      <Filter>Under Test\Manual</Filter>
    </ClInclude>
    <ClInclude Include="..\src\opcodes\Out.hpp">
      <Filter>Under Test\Manual</Filter>
    </ClInclude>
    <ClInclude Include="..\src\opcodes\Pop.hpp">
      <Filter>Under Test\Manual</Filter>
    </ClInclude>
    <ClInclude Include="..\src\Prefix.hpp">
      <Filter>Under Test\Manual</Filter>
    </ClInclude>
    <ClInclude Include="..\src\Processor.hpp">
      <Filter>Under Test\Manual</Filter>
    </ClInclude>
    <ClInclude Include="..\src\opcodes\Push.hpp">
      <Filter>Under Test\Manual</Filter>
    </ClInclude>
    <ClInclude Include="..\src\QKbdFilter.hpp">
      <Filter>Under Test\Manual</Filter>
    </ClInclude>
    <ClInclude Include="..\src\QMemModel.hpp">
      <Filter>Under Test\Manual</Filter>
    </ClInclude>
    <ClInclude Include="..\src\Register.hpp">
      <Filter>Under Test\Manual</Filter>
    </ClInclude>
    <ClInclude Include="..\src\RegisterOperand.hpp">
      <Filter>Under Test\Manual</Filter>
    </ClInclude>
    <ClInclude Include="..\src\opcodes\Ret.hpp">
      <Filter>Under Test\Manual</Filter>
    </ClInclude>
    <ClInclude Include="..\src\opcodes\Rot.hpp">
      <Filter>Under Test\Manual</Filter>
    </ClInclude>
    <ClInclude Include="..\src\opcodes\Sahf.hpp">
      <Filter>Under Test\Manual</Filter>
    </ClInclude>
    <ClInclude Include="..\src\opcodes\Sbb.hpp">
      <Filter>Under Test\Manual</Filter>
    </ClInclude>
    <ClInclude Include="..\src\opcodes\Scas.hpp">
      <Filter>Under Test\Manual</Filter>
    </ClInclude>
    <ClInclude Include="..\src\peripherals\Screen.hpp">
      <Filter>Under Test\Manual</Filter>
    </ClInclude>
    <ClInclude Include="..\src\opcodes\StiCli.hpp">
      <Filter>Under Test\Manual</Filter>
    </ClInclude>
    <ClInclude Include="..\src\opcodes\Stos.hpp">
      <Filter>Under Test\Manual</Filter>
    </ClInclude>
    <ClInclude Include="..\src\opcodes\Sub.hpp">
      <Filter>Under Test\Manual</Filter>
    </ClInclude>
    <ClInclude Include="..\src\opcodes\Sxx.hpp">
      <Filter>Under Test\Manual</Filter>
    </ClInclude>
    <ClInclude Include="..\src\opcodes\Test.hpp">
      <Filter>Under Test\Manual</Filter>
    </ClInclude>
    <ClInclude Include="..\src\peripherals\Timer.hpp">
      <Filter>Under Test\Manual</Filter>
    </ClInclude>
    <ClInclude Include="..\src\VirgoInstruction.hpp">
      <Filter>Under Test\Manual</Filter>
    </ClInclude>
    <ClInclude Include="..\src\VM.hpp">
      <Filter>Under Test\Manual</Filter>
    </ClInclude>
    <ClInclude Include="..\src\VMWorker.hpp">
      <Filter>Under Test\Manual</Filter>
    </ClInclude>
    <ClInclude Include="..\src\opcodes\Xchg.hpp">
      <Filter>Under Test\Manual</Filter>
    </ClInclude>
    <ClInclude Include="..\src\opcodes\Xlat.hpp">
      <Filter>Under Test\Manual</Filter>
    </ClInclude>
    <ClInclude Include="..\src\GeneratedFiles\ui_MemWnd.h">
      <Filter>Under Test\Generated</Filter>
    </ClInclude>
    <ClInclude Include="..\src\MemWnd.hpp">
      <Filter>Under Test\Manual</Filter>
    </ClInclude>
  </ItemGroup>
  <ItemGroup>
    <CustomBuild Include="..\src\MemWnd.ui">
      <Filter>Under Test\Manual</Filter>
    </CustomBuild>
  </ItemGroup>
</Project>