<?xml version="1.0" encoding="utf-8"?>
<Project ToolsVersion="4.0" xmlns="http://schemas.microsoft.com/developer/msbuild/2003">
  <ItemGroup>
    <Filter Include="Form Files">
      <UniqueIdentifier>{99349809-55BA-4b9d-BF79-8FDBB0286EB3}</UniqueIdentifier>
      <Extensions>ui</Extensions>
      <ParseFiles>false</ParseFiles>
    </Filter>
    <Filter Include="Form Files">
      <UniqueIdentifier>{99349809-55BA-4b9d-BF79-8FDBB0286EB3}</UniqueIdentifier>
      <Extensions>ui</Extensions>
      <ParseFiles>false</ParseFiles>
    </Filter>
    <Filter Include="Generated Files">
      <UniqueIdentifier>{71ED8ED8-ACB9-4CE9-BBE1-E00B30144E11}</UniqueIdentifier>
      <Extensions>cpp;c;cxx;moc;h;def;odl;idl;res;</Extensions>
    </Filter>
    <Filter Include="Generated Files">
      <UniqueIdentifier>{71ED8ED8-ACB9-4CE9-BBE1-E00B30144E11}</UniqueIdentifier>
      <Extensions>cpp;c;cxx;moc;h;def;odl;idl;res;</Extensions>
    </Filter>
    <Filter Include="Header Files">
      <UniqueIdentifier>{93995380-89BD-4b04-88EB-625FBE52EBFB}</UniqueIdentifier>
      <Extensions>h;hpp;hxx;hm;inl;inc;xsd</Extensions>
    </Filter>
    <Filter Include="Header Files">
      <UniqueIdentifier>{93995380-89BD-4b04-88EB-625FBE52EBFB}</UniqueIdentifier>
      <Extensions>h;hpp;hxx;hm;inl;inc;xsd</Extensions>
    </Filter>
    <Filter Include="Resource Files">
      <UniqueIdentifier>{D9D6E242-F8AF-46E4-B9FD-80ECBC20BA3E}</UniqueIdentifier>
      <Extensions>qrc;*</Extensions>
      <ParseFiles>false</ParseFiles>
    </Filter>
    <Filter Include="Resource Files">
      <UniqueIdentifier>{D9D6E242-F8AF-46E4-B9FD-80ECBC20BA3E}</UniqueIdentifier>
      <Extensions>qrc;*</Extensions>
      <ParseFiles>false</ParseFiles>
    </Filter>
    <Filter Include="Source Files">
      <UniqueIdentifier>{4FC737F1-C7A5-4376-A066-2A32D752A2FF}</UniqueIdentifier>
      <Extensions>cpp;c;cxx;def;odl;idl;hpj;bat;asm;asmx</Extensions>
    </Filter>
    <Filter Include="Source Files">
      <UniqueIdentifier>{4FC737F1-C7A5-4376-A066-2A32D752A2FF}</UniqueIdentifier>
      <Extensions>cpp;c;cxx;def;odl;idl;hpj;bat;asm;asmx</Extensions>
    </Filter>
    <Filter Include="Generated Files\Debug">
      <UniqueIdentifier>{f9f2d31e-bb17-4103-b9c1-bd7ecbcb7fe8}</UniqueIdentifier>
      <Extensions>cpp;moc</Extensions>
      <SourceControlFiles>False</SourceControlFiles>
    </Filter>
    <Filter Include="Generated Files\Release">
      <UniqueIdentifier>{e73802dc-68e0-4b3c-9d24-de29a1acc395}</UniqueIdentifier>
      <Extensions>cpp;moc</Extensions>
      <SourceControlFiles>False</SourceControlFiles>
    </Filter>
    <Filter Include="Source Files\Opcodes">
      <UniqueIdentifier>{191fbfe2-761c-4224-a29f-0e64f4d82043}</UniqueIdentifier>
    </Filter>
    <Filter Include="Source Files\Peripherals">
      <UniqueIdentifier>{e8b5bdd6-e3fa-4c3d-bb1c-89dbdc0ac4f5}</UniqueIdentifier>
    </Filter>
    <Filter Include="Source Files\Operands">
      <UniqueIdentifier>{ba041efa-fc4c-4b44-abcb-bd1765df8f17}</UniqueIdentifier>
    </Filter>
    <Filter Include="Header Files\Opcodes">
      <UniqueIdentifier>{ffc419c0-6657-4fcf-899b-ea6c28ec3f98}</UniqueIdentifier>
    </Filter>
    <Filter Include="Header Files\Operands">
      <UniqueIdentifier>{5f5610c5-b3fa-4232-af3f-873c388a11b7}</UniqueIdentifier>
    </Filter>
    <Filter Include="Header Files\Peripherals">
      <UniqueIdentifier>{ca87c025-2752-4f2b-a000-2715115b8ec9}</UniqueIdentifier>
    </Filter>
    <Filter Include="Generated Files\Release_Static">
      <UniqueIdentifier>{83fe38f4-0741-4cd3-b451-556d75b91b45}</UniqueIdentifier>
    </Filter>
    <Filter Include="Generated Files\Debug_Static">
      <UniqueIdentifier>{eabe25ff-adbe-451c-901d-57db09d61b4a}</UniqueIdentifier>
    </Filter>
  </ItemGroup>
  <ItemGroup>
    <ClCompile Include="..\src\Debug\moc_QKbdFilter.cpp">
      <Filter>Generated Files\Debug</Filter>
    </ClCompile>
    <ClCompile Include="..\src\Release\moc_QKbdFilter.cpp">
      <Filter>Generated Files\Release</Filter>
    </ClCompile>
    <ClCompile Include="..\src\Debug\moc_QMemModel.cpp">
      <Filter>Generated Files\Debug</Filter>
    </ClCompile>
    <ClCompile Include="..\src\Release\moc_QMemModel.cpp">
      <Filter>Generated Files\Release</Filter>
    </ClCompile>
    <ClCompile Include="..\src\Debug\moc_VMWorker.cpp">
      <Filter>Generated Files\Debug</Filter>
    </ClCompile>
    <ClCompile Include="..\src\Release\moc_VMWorker.cpp">
      <Filter>Generated Files\Release</Filter>
    </ClCompile>
    <ClCompile Include="..\src\GeneratedFiles\qrc_Resources.cpp">
      <Filter>Generated Files</Filter>
    </ClCompile>
    <ClCompile Include="..\src\opcodes\Aaa.cpp">
      <Filter>Source Files\Opcodes</Filter>
    </ClCompile>
    <ClCompile Include="..\src\opcodes\Xor.cpp">
      <Filter>Source Files\Opcodes</Filter>
    </ClCompile>
    <ClCompile Include="..\src\opcodes\Aad.cpp">
      <Filter>Source Files\Opcodes</Filter>
    </ClCompile>
    <ClCompile Include="..\src\opcodes\Aam.cpp">
      <Filter>Source Files\Opcodes</Filter>
    </ClCompile>
    <ClCompile Include="..\src\opcodes\Aas.cpp">
      <Filter>Source Files\Opcodes</Filter>
    </ClCompile>
    <ClCompile Include="..\src\opcodes\Adc.cpp">
      <Filter>Source Files\Opcodes</Filter>
    </ClCompile>
    <ClCompile Include="..\src\opcodes\Add.cpp">
      <Filter>Source Files\Opcodes</Filter>
    </ClCompile>
    <ClCompile Include="..\src\opcodes\And.cpp">
      <Filter>Source Files\Opcodes</Filter>
    </ClCompile>
    <ClCompile Include="..\src\opcodes\Call.cpp">
      <Filter>Source Files\Opcodes</Filter>
    </ClCompile>
    <ClCompile Include="..\src\opcodes\Cbw.cpp">
      <Filter>Source Files\Opcodes</Filter>
    </ClCompile>
    <ClCompile Include="..\src\opcodes\CLSTX.cpp">
      <Filter>Source Files\Opcodes</Filter>
    </ClCompile>
    <ClCompile Include="..\src\opcodes\Cmp.cpp">
      <Filter>Source Files\Opcodes</Filter>
    </ClCompile>
    <ClCompile Include="..\src\opcodes\CmpsX.cpp">
      <Filter>Source Files\Opcodes</Filter>
    </ClCompile>
    <ClCompile Include="..\src\opcodes\Cwd.cpp">
      <Filter>Source Files\Opcodes</Filter>
    </ClCompile>
    <ClCompile Include="..\src\opcodes\Daa.cpp">
      <Filter>Source Files\Opcodes</Filter>
    </ClCompile>
    <ClCompile Include="..\src\opcodes\Das.cpp">
      <Filter>Source Files\Opcodes</Filter>
    </ClCompile>
    <ClCompile Include="..\src\opcodes\Div.cpp">
      <Filter>Source Files\Opcodes</Filter>
    </ClCompile>
    <ClCompile Include="..\src\opcodes\Hlt.cpp">
      <Filter>Source Files\Opcodes</Filter>
    </ClCompile>
    <ClCompile Include="..\src\opcodes\IDiv.cpp">
      <Filter>Source Files\Opcodes</Filter>
    </ClCompile>
    <ClCompile Include="..\src\opcodes\IMul.cpp">
      <Filter>Source Files\Opcodes</Filter>
    </ClCompile>
    <ClCompile Include="..\src\opcodes\In.cpp">
      <Filter>Source Files\Opcodes</Filter>
    </ClCompile>
    <ClCompile Include="..\src\opcodes\IncDec.cpp">
      <Filter>Source Files\Opcodes</Filter>
    </ClCompile>
    <ClCompile Include="..\src\opcodes\Int.cpp">
      <Filter>Source Files\Opcodes</Filter>
    </ClCompile>
    <ClCompile Include="..\src\opcodes\Iret.cpp">
      <Filter>Source Files\Opcodes</Filter>
    </ClCompile>
    <ClCompile Include="..\src\opcodes\Jcc.cpp">
      <Filter>Source Files\Opcodes</Filter>
    </ClCompile>
    <ClCompile Include="..\src\opcodes\Jmp.cpp">
      <Filter>Source Files\Opcodes</Filter>
    </ClCompile>
    <ClCompile Include="..\src\opcodes\Lahf.cpp">
      <Filter>Source Files\Opcodes</Filter>
    </ClCompile>
    <ClCompile Include="..\src\opcodes\Lea.cpp">
      <Filter>Source Files\Opcodes</Filter>
    </ClCompile>
    <ClCompile Include="..\src\opcodes\Lods.cpp">
      <Filter>Source Files\Opcodes</Filter>
    </ClCompile>
    <ClCompile Include="..\src\opcodes\Loop.cpp">
      <Filter>Source Files\Opcodes</Filter>
    </ClCompile>
    <ClCompile Include="..\src\opcodes\Lxs.cpp">
      <Filter>Source Files\Opcodes</Filter>
    </ClCompile>
    <ClCompile Include="..\src\opcodes\Mov.cpp">
      <Filter>Source Files\Opcodes</Filter>
    </ClCompile>
    <ClCompile Include="..\src\opcodes\Movs.cpp">
      <Filter>Source Files\Opcodes</Filter>
    </ClCompile>
    <ClCompile Include="..\src\opcodes\Mul.cpp">
      <Filter>Source Files\Opcodes</Filter>
    </ClCompile>
    <ClCompile Include="..\src\opcodes\Neg.cpp">
      <Filter>Source Files\Opcodes</Filter>
    </ClCompile>
    <ClCompile Include="..\src\opcodes\Nop.cpp">
      <Filter>Source Files\Opcodes</Filter>
    </ClCompile>
    <ClCompile Include="..\src\opcodes\Not.cpp">
      <Filter>Source Files\Opcodes</Filter>
    </ClCompile>
    <ClCompile Include="..\src\opcodes\Or.cpp">
      <Filter>Source Files\Opcodes</Filter>
    </ClCompile>
    <ClCompile Include="..\src\opcodes\Out.cpp">
      <Filter>Source Files\Opcodes</Filter>
    </ClCompile>
    <ClCompile Include="..\src\opcodes\Pop.cpp">
      <Filter>Source Files\Opcodes</Filter>
    </ClCompile>
    <ClCompile Include="..\src\opcodes\Push.cpp">
      <Filter>Source Files\Opcodes</Filter>
    </ClCompile>
    <ClCompile Include="..\src\opcodes\Ret.cpp">
      <Filter>Source Files\Opcodes</Filter>
    </ClCompile>
    <ClCompile Include="..\src\opcodes\Rot.cpp">
      <Filter>Source Files\Opcodes</Filter>
    </ClCompile>
    <ClCompile Include="..\src\opcodes\Sahf.cpp">
      <Filter>Source Files\Opcodes</Filter>
    </ClCompile>
    <ClCompile Include="..\src\opcodes\Sbb.cpp">
      <Filter>Source Files\Opcodes</Filter>
    </ClCompile>
    <ClCompile Include="..\src\opcodes\Scas.cpp">
      <Filter>Source Files\Opcodes</Filter>
    </ClCompile>
    <ClCompile Include="..\src\opcodes\StiCli.cpp">
      <Filter>Source Files\Opcodes</Filter>
    </ClCompile>
    <ClCompile Include="..\src\opcodes\Stos.cpp">
      <Filter>Source Files\Opcodes</Filter>
    </ClCompile>
    <ClCompile Include="..\src\opcodes\Sub.cpp">
      <Filter>Source Files\Opcodes</Filter>
    </ClCompile>
    <ClCompile Include="..\src\opcodes\Sxx.cpp">
      <Filter>Source Files\Opcodes</Filter>
    </ClCompile>
    <ClCompile Include="..\src\opcodes\Test.cpp">
      <Filter>Source Files\Opcodes</Filter>
    </ClCompile>
    <ClCompile Include="..\src\opcodes\Xchg.cpp">
      <Filter>Source Files\Opcodes</Filter>
    </ClCompile>
    <ClCompile Include="..\src\opcodes\Xlat.cpp">
      <Filter>Source Files\Opcodes</Filter>
    </ClCompile>
    <ClCompile Include="..\src\Breakpoint.cpp">
      <Filter>Source Files</Filter>
    </ClCompile>
    <ClCompile Include="..\src\main.cpp">
      <Filter>Source Files</Filter>
    </ClCompile>
    <ClCompile Include="..\src\Memory.cpp">
      <Filter>Source Files</Filter>
    </ClCompile>
    <ClCompile Include="..\src\Prefix.cpp">
      <Filter>Source Files</Filter>
    </ClCompile>
    <ClCompile Include="..\src\QKbdFilter.cpp">
      <Filter>Source Files</Filter>
    </ClCompile>
    <ClCompile Include="..\src\QMemModel.cpp">
      <Filter>Source Files</Filter>
    </ClCompile>
    <ClCompile Include="..\src\VM.cpp">
      <Filter>Source Files</Filter>
    </ClCompile>
    <ClCompile Include="..\src\VMWorker.cpp">
      <Filter>Source Files</Filter>
    </ClCompile>
    <ClCompile Include="..\src\peripherals\Keyboard.cpp">
      <Filter>Source Files\Peripherals</Filter>
    </ClCompile>
    <ClCompile Include="..\src\peripherals\Screen.cpp">
      <Filter>Source Files\Peripherals</Filter>
    </ClCompile>
    <ClCompile Include="..\src\peripherals\Timer.cpp">
      <Filter>Source Files\Peripherals</Filter>
    </ClCompile>
    <ClCompile Include="..\src\AddressOperand.cpp">
      <Filter>Source Files\Operands</Filter>
    </ClCompile>
    <ClCompile Include="..\src\ModrmOperand.cpp">
      <Filter>Source Files\Operands</Filter>
    </ClCompile>
    <ClCompile Include="..\src\RegisterOperand.cpp">
      <Filter>Source Files\Operands</Filter>
    </ClCompile>
    <ClCompile Include="..\src\Release_Static\moc_QKbdFilter.cpp">
      <Filter>Generated Files\Release_Static</Filter>
    </ClCompile>
    <ClCompile Include="..\src\Release_Static\moc_QMemModel.cpp">
      <Filter>Generated Files\Release_Static</Filter>
    </ClCompile>
    <ClCompile Include="..\src\Release_Static\moc_VMWorker.cpp">
      <Filter>Generated Files\Release_Static</Filter>
    </ClCompile>
    <ClCompile Include="..\src\Debug_Static\moc_QKbdFilter.cpp">
      <Filter>Generated Files\Debug_Static</Filter>
    </ClCompile>
    <ClCompile Include="..\src\Debug_Static\moc_QMemModel.cpp">
      <Filter>Generated Files\Debug_Static</Filter>
    </ClCompile>
    <ClCompile Include="..\src\Debug_Static\moc_VMWorker.cpp">
      <Filter>Generated Files\Debug_Static</Filter>
    </ClCompile>
    <ClCompile Include="..\src\QInstructionList.cpp">
      <Filter>Source Files</Filter>
    </ClCompile>
    <ClCompile Include="..\src\Debug_Static\moc_QInstructionList.cpp">
      <Filter>Generated Files\Debug_Static</Filter>
    </ClCompile>
    <ClCompile Include="..\src\Debug\moc_QInstructionList.cpp">
      <Filter>Generated Files\Debug</Filter>
    </ClCompile>
    <ClCompile Include="..\src\Release_Static\moc_QInstructionList.cpp">
      <Filter>Generated Files\Release_Static</Filter>
    </ClCompile>
    <ClCompile Include="..\src\Release\moc_QInstructionList.cpp">
      <Filter>Generated Files\Release</Filter>
    </ClCompile>
    <ClCompile Include="..\src\Processor8086.cpp">
      <Filter>Source Files</Filter>
    </ClCompile>
    <ClCompile Include="..\src\InstTable8086.cpp">
      <Filter>Source Files</Filter>
    </ClCompile>
    <ClCompile Include="..\src\Instruction8086.cpp">
      <Filter>Source Files</Filter>
    </ClCompile>
    <ClCompile Include="..\src\Instruction.cpp">
      <Filter>Source Files</Filter>
    </ClCompile>
    <ClCompile Include="..\src\MainWnd8086.cpp">
      <Filter>Source Files</Filter>
    </ClCompile>
    <ClCompile Include="..\src\Debug_Static\moc_MainWnd8086.cpp">
      <Filter>Generated Files\Debug_Static</Filter>
    </ClCompile>
    <ClCompile Include="..\src\Debug\moc_MainWnd8086.cpp">
      <Filter>Generated Files\Debug</Filter>
    </ClCompile>
    <ClCompile Include="..\src\Release_Static\moc_MainWnd8086.cpp">
      <Filter>Generated Files\Release_Static</Filter>
    </ClCompile>
    <ClCompile Include="..\src\Release\moc_MainWnd8086.cpp">
      <Filter>Generated Files\Release</Filter>
    </ClCompile>
  </ItemGroup>
  <ItemGroup>
    <ClInclude Include="..\src\opcodes\Aaa.hpp">
      <Filter>Header Files\Opcodes</Filter>
    </ClInclude>
    <ClInclude Include="..\src\opcodes\Xor.hpp">
      <Filter>Header Files\Opcodes</Filter>
    </ClInclude>
    <ClInclude Include="..\src\opcodes\Aad.hpp">
      <Filter>Header Files\Opcodes</Filter>
    </ClInclude>
    <ClInclude Include="..\src\opcodes\Aam.hpp">
      <Filter>Header Files\Opcodes</Filter>
    </ClInclude>
    <ClInclude Include="..\src\opcodes\Aas.hpp">
      <Filter>Header Files\Opcodes</Filter>
    </ClInclude>
    <ClInclude Include="..\src\opcodes\Adc.hpp">
      <Filter>Header Files\Opcodes</Filter>
    </ClInclude>
    <ClInclude Include="..\src\opcodes\Add.hpp">
      <Filter>Header Files\Opcodes</Filter>
    </ClInclude>
    <ClInclude Include="..\src\opcodes\AllOpcodes.hpp">
      <Filter>Header Files\Opcodes</Filter>
    </ClInclude>
    <ClInclude Include="..\src\opcodes\And.hpp">
      <Filter>Header Files\Opcodes</Filter>
    </ClInclude>
    <ClInclude Include="..\src\opcodes\Call.hpp">
      <Filter>Header Files\Opcodes</Filter>
    </ClInclude>
    <ClInclude Include="..\src\opcodes\Cbw.hpp">
      <Filter>Header Files\Opcodes</Filter>
    </ClInclude>
    <ClInclude Include="..\src\opcodes\CLSTX.hpp">
      <Filter>Header Files\Opcodes</Filter>
    </ClInclude>
    <ClInclude Include="..\src\opcodes\Cmp.hpp">
      <Filter>Header Files\Opcodes</Filter>
    </ClInclude>
    <ClInclude Include="..\src\opcodes\CmpsX.hpp">
      <Filter>Header Files\Opcodes</Filter>
    </ClInclude>
    <ClInclude Include="..\src\opcodes\Cwd.hpp">
      <Filter>Header Files\Opcodes</Filter>
    </ClInclude>
    <ClInclude Include="..\src\opcodes\Daa.hpp">
      <Filter>Header Files\Opcodes</Filter>
    </ClInclude>
    <ClInclude Include="..\src\opcodes\Das.hpp">
      <Filter>Header Files\Opcodes</Filter>
    </ClInclude>
    <ClInclude Include="..\src\opcodes\Div.hpp">
      <Filter>Header Files\Opcodes</Filter>
    </ClInclude>
    <ClInclude Include="..\src\opcodes\Hlt.hpp">
      <Filter>Header Files\Opcodes</Filter>
    </ClInclude>
    <ClInclude Include="..\src\opcodes\IDiv.hpp">
      <Filter>Header Files\Opcodes</Filter>
    </ClInclude>
    <ClInclude Include="..\src\opcodes\IMul.hpp">
      <Filter>Header Files\Opcodes</Filter>
    </ClInclude>
    <ClInclude Include="..\src\opcodes\In.hpp">
      <Filter>Header Files\Opcodes</Filter>
    </ClInclude>
    <ClInclude Include="..\src\opcodes\IncDec.hpp">
      <Filter>Header Files\Opcodes</Filter>
    </ClInclude>
    <ClInclude Include="..\src\opcodes\Int.hpp">
      <Filter>Header Files\Opcodes</Filter>
    </ClInclude>
    <ClInclude Include="..\src\opcodes\Iret.hpp">
      <Filter>Header Files\Opcodes</Filter>
    </ClInclude>
    <ClInclude Include="..\src\opcodes\Jcc.hpp">
      <Filter>Header Files\Opcodes</Filter>
    </ClInclude>
    <ClInclude Include="..\src\opcodes\Jmp.hpp">
      <Filter>Header Files\Opcodes</Filter>
    </ClInclude>
    <ClInclude Include="..\src\opcodes\Lahf.hpp">
      <Filter>Header Files\Opcodes</Filter>
    </ClInclude>
    <ClInclude Include="..\src\opcodes\Lea.hpp">
      <Filter>Header Files\Opcodes</Filter>
    </ClInclude>
    <ClInclude Include="..\src\opcodes\Lods.hpp">
      <Filter>Header Files\Opcodes</Filter>
    </ClInclude>
    <ClInclude Include="..\src\opcodes\Loop.hpp">
      <Filter>Header Files\Opcodes</Filter>
    </ClInclude>
    <ClInclude Include="..\src\opcodes\Mov.hpp">
      <Filter>Header Files\Opcodes</Filter>
    </ClInclude>
    <ClInclude Include="..\src\opcodes\Movs.hpp">
      <Filter>Header Files\Opcodes</Filter>
    </ClInclude>
    <ClInclude Include="..\src\opcodes\Mul.hpp">
      <Filter>Header Files\Opcodes</Filter>
    </ClInclude>
    <ClInclude Include="..\src\opcodes\Neg.hpp">
      <Filter>Header Files\Opcodes</Filter>
    </ClInclude>
    <ClInclude Include="..\src\opcodes\Nop.hpp">
      <Filter>Header Files\Opcodes</Filter>
    </ClInclude>
    <ClInclude Include="..\src\opcodes\Not.hpp">
      <Filter>Header Files\Opcodes</Filter>
    </ClInclude>
    <ClInclude Include="..\src\opcodes\Or.hpp">
      <Filter>Header Files\Opcodes</Filter>
    </ClInclude>
    <ClInclude Include="..\src\opcodes\Out.hpp">
      <Filter>Header Files\Opcodes</Filter>
    </ClInclude>
    <ClInclude Include="..\src\opcodes\Pop.hpp">
      <Filter>Header Files\Opcodes</Filter>
    </ClInclude>
    <ClInclude Include="..\src\opcodes\Ret.hpp">
      <Filter>Header Files\Opcodes</Filter>
    </ClInclude>
    <ClInclude Include="..\src\opcodes\Rot.hpp">
      <Filter>Header Files\Opcodes</Filter>
    </ClInclude>
    <ClInclude Include="..\src\opcodes\Sahf.hpp">
      <Filter>Header Files\Opcodes</Filter>
    </ClInclude>
    <ClInclude Include="..\src\opcodes\Sbb.hpp">
      <Filter>Header Files\Opcodes</Filter>
    </ClInclude>
    <ClInclude Include="..\src\opcodes\Scas.hpp">
      <Filter>Header Files\Opcodes</Filter>
    </ClInclude>
    <ClInclude Include="..\src\opcodes\StiCli.hpp">
      <Filter>Header Files\Opcodes</Filter>
    </ClInclude>
    <ClInclude Include="..\src\opcodes\Stos.hpp">
      <Filter>Header Files\Opcodes</Filter>
    </ClInclude>
    <ClInclude Include="..\src\opcodes\Sub.hpp">
      <Filter>Header Files\Opcodes</Filter>
    </ClInclude>
    <ClInclude Include="..\src\opcodes\Sxx.hpp">
      <Filter>Header Files\Opcodes</Filter>
    </ClInclude>
    <ClInclude Include="..\src\opcodes\Test.hpp">
      <Filter>Header Files\Opcodes</Filter>
    </ClInclude>
    <ClInclude Include="..\src\opcodes\Xchg.hpp">
      <Filter>Header Files\Opcodes</Filter>
    </ClInclude>
    <ClInclude Include="..\src\opcodes\Xlat.hpp">
      <Filter>Header Files\Opcodes</Filter>
    </ClInclude>
    <ClInclude Include="..\src\Breakpoint.hpp">
      <Filter>Header Files</Filter>
    </ClInclude>
    <ClInclude Include="..\src\Memory.hpp">
      <Filter>Header Files</Filter>
    </ClInclude>
    <ClInclude Include="..\src\Prefix.hpp">
      <Filter>Header Files</Filter>
    </ClInclude>
    <ClInclude Include="..\src\Register.hpp">
      <Filter>Header Files</Filter>
    </ClInclude>
    <ClInclude Include="..\src\VirgoInstruction.hpp">
      <Filter>Header Files</Filter>
    </ClInclude>
    <ClInclude Include="..\src\VM.hpp">
      <Filter>Header Files</Filter>
    </ClInclude>
    <ClInclude Include="..\src\AddressOperand.hpp">
      <Filter>Header Files\Operands</Filter>
    </ClInclude>
    <ClInclude Include="..\src\ImmediateOperand.hpp">
      <Filter>Header Files\Operands</Filter>
    </ClInclude>
    <ClInclude Include="..\src\ModrmOperand.hpp">
      <Filter>Header Files\Operands</Filter>
    </ClInclude>
    <ClInclude Include="..\src\Operand.hpp">
      <Filter>Header Files\Operands</Filter>
    </ClInclude>
    <ClInclude Include="..\src\RegisterOperand.hpp">
      <Filter>Header Files\Operands</Filter>
    </ClInclude>
    <ClInclude Include="..\src\peripherals\AllPeripherals.hpp">
      <Filter>Header Files\Peripherals</Filter>
    </ClInclude>
    <ClInclude Include="..\src\IPeripheral.hpp">
      <Filter>Header Files\Peripherals</Filter>
    </ClInclude>
    <ClInclude Include="..\src\peripherals\Keyboard.hpp">
      <Filter>Header Files\Peripherals</Filter>
    </ClInclude>
    <ClInclude Include="..\src\peripherals\Screen.hpp">
      <Filter>Header Files\Peripherals</Filter>
    </ClInclude>
    <ClInclude Include="..\src\peripherals\Timer.hpp">
      <Filter>Header Files\Peripherals</Filter>
    </ClInclude>
    <ClInclude Include="..\src\Processor8086.hpp">
      <Filter>Header Files</Filter>
    </ClInclude>
    <ClInclude Include="..\src\Processor.hpp">
      <Filter>Header Files</Filter>
    </ClInclude>
    <ClInclude Include="..\src\Instruction8086.hpp">
      <Filter>Header Files</Filter>
    </ClInclude>
    <ClInclude Include="..\src\Instruction.hpp">
      <Filter>Header Files</Filter>
    </ClInclude>
    <ClInclude Include="..\src\GeneratedFiles\ui_MainWnd8086.h">
      <Filter>Generated Files</Filter>
    </ClInclude>
  </ItemGroup>
  <ItemGroup>
    <CustomBuild Include="..\src\Resources.qrc">
      <Filter>Resource Files</Filter>
    </CustomBuild>
    <CustomBuild Include="..\src\QKbdFilter.hpp">
      <Filter>Header Files</Filter>
    </CustomBuild>
    <CustomBuild Include="..\src\QMemModel.hpp">
      <Filter>Header Files</Filter>
    </CustomBuild>
    <CustomBuild Include="..\src\VMWorker.hpp">
      <Filter>Header Files</Filter>
    </CustomBuild>
    <CustomBuild Include="..\src\QInstructionList.hpp">
      <Filter>Header Files</Filter>
    </CustomBuild>
    <CustomBuild Include="..\src\MainWnd8086.hpp">
      <Filter>Header Files</Filter>
    </CustomBuild>
    <CustomBuild Include="..\src\MainWnd8086.ui">
      <Filter>Form Files</Filter>
    </CustomBuild>
  </ItemGroup>
  <ItemGroup>
    <None Include="..\res\StepInto24.ico">
      <Filter>Resource Files</Filter>
    </None>
    <None Include="..\res\StepOut24.ico">
      <Filter>Resource Files</Filter>
    </None>
    <None Include="..\res\StepOver24.ico">
      <Filter>Resource Files</Filter>
    </None>
    <None Include="..\res\kill24.ico">
      <Filter>Resource Files</Filter>
    </None>
    <None Include="..\res\openproject24.ico">
      <Filter>Resource Files</Filter>
    </None>
    <None Include="..\res\pause24.ico">
      <Filter>Resource Files</Filter>
    </None>
    <None Include="..\res\runproject24.ico">
      <Filter>Resource Files</Filter>
    </None>
    <None Include="..\res\testproject24.ico">
      <Filter>Resource Files</Filter>
    </None>
  </ItemGroup>
  <ItemGroup>
    <ClInclude Include="..\src\opcodes\Lxs.hpp">
      <Filter>Header Files\Opcodes</Filter>
    </ClInclude>
    <ClInclude Include="..\src\opcodes\Push.hpp">
      <Filter>Header Files\Opcodes</Filter>
    </ClInclude>
  </ItemGroup>
</Project>