<?xml version="1.0" encoding="utf-8"?>
<Project ToolsVersion="4.0" xmlns="http://schemas.microsoft.com/developer/msbuild/2003">
  <ItemGroup>
    <Filter Include="Source Files">
      <UniqueIdentifier>{4FC737F1-C7A5-4376-A066-2A32D752A2FF}</UniqueIdentifier>
      <Extensions>cpp;c;cc;cxx;def;odl;idl;hpj;bat;asm;asmx</Extensions>
    </Filter>
    <Filter Include="Header Files">
      <UniqueIdentifier>{93995380-89BD-4b04-88EB-625FBE52EBFB}</UniqueIdentifier>
      <Extensions>h;hpp;hxx;hm;inl;inc;xsd</Extensions>
    </Filter>
    <Filter Include="Resource Files">
      <UniqueIdentifier>{67DA6AB6-F800-4c08-8B7A-83BB121AAD01}</UniqueIdentifier>
      <Extensions>rc;ico;cur;bmp;dlg;rc2;rct;bin;rgs;gif;jpg;jpeg;jpe;resx;tiff;tif;png;wav;mfcribbon-ms</Extensions>
    </Filter>
    <Filter Include="Under Test">
      <UniqueIdentifier>{0a3a2a26-4e82-4bac-8e77-1dad31b99581}</UniqueIdentifier>
    </Filter>
    <Filter Include="Under Test\Generated">
      <UniqueIdentifier>{85cddc58-7074-467f-8a8e-53d483c734b4}</UniqueIdentifier>
    </Filter>
    <Filter Include="Under Test\Manual">
      <UniqueIdentifier>{01b7f26e-a974-4783-bab2-18d3b2fdf39a}</UniqueIdentifier>
    </Filter>
  </ItemGroup>
  <ItemGroup>
    <ClCompile Include="..\src\Instruction.cpp">
      <Filter>Under Test\Manual</Filter>
    </ClCompile>
    <ClCompile Include="..\src\Memory.cpp">
      <Filter>Under Test\Manual</Filter>
    </ClCompile>
    <ClCompile Include="..\src\Prefix.cpp">
      <Filter>Under Test\Manual</Filter>
    </ClCompile>
    <ClCompile Include="..\test\tests\TestInstruction.cpp">
      <Filter>Source Files</Filter>
    </ClCompile>
    <ClCompile Include="..\src\CmdTree.cpp">
      <Filter>Under Test\Manual</Filter>
    </ClCompile>
    <ClCompile Include="..\test\tests\TestCmdTree.cpp">
      <Filter>Source Files</Filter>
    </ClCompile>
  </ItemGroup>
  <ItemGroup>
    <ClInclude Include="..\src\Instruction.hpp">
      <Filter>Under Test\Manual</Filter>
    </ClInclude>
    <ClInclude Include="..\src\Memory.hpp">
      <Filter>Under Test\Manual</Filter>
    </ClInclude>
    <ClInclude Include="..\src\Operand.hpp">
      <Filter>Under Test\Manual</Filter>
    </ClInclude>
    <ClInclude Include="..\src\Prefix.hpp">
      <Filter>Under Test\Manual</Filter>
    </ClInclude>
    <ClInclude Include="..\test\Common.hpp">
      <Filter>Header Files</Filter>
    </ClInclude>
    <ClInclude Include="..\src\CmdTree.hpp">
      <Filter>Under Test\Manual</Filter>
    </ClInclude>
  </ItemGroup>
</Project>